
Microsoft Visual Studio Solution File, Format Version 12.00
# Visual Studio 14
VisualStudioVersion = 14.0.25420.1
MinimumVisualStudioVersion = 10.0.40219.1
Project("{FAE04EC0-301F-11D3-BF4B-00C04F79EFBC}") = "DiskVolumesExplorer.Core", "DiskVolumesExplorer.Core\DiskVolumesExplorer.Core.csproj", "{EF2DDFF8-7028-4861-B7AF-9F16D71927EA}"
EndProject
Project("{FAE04EC0-301F-11D3-BF4B-00C04F79EFBC}") = "DiskVolumesExplorer.Core.UnitTests", "DiskVolumesExplorer.Core.UnitTests\DiskVolumesExplorer.Core.UnitTests.csproj", "{0518408F-C7AF-44E1-A5F7-737C9875B15B}"
EndProject
Project("{FAE04EC0-301F-11D3-BF4B-00C04F79EFBC}") = "DiskVolumesExplorer.Client", "DiskVolumesExplorer.Client\DiskVolumesExplorer.Client.csproj", "{8F4BE51F-F107-4A60-80AC-5BB41CC21A47}"
EndProject
Project("{FAE04EC0-301F-11D3-BF4B-00C04F79EFBC}") = "DiskVolumesExplorer.Service", "DiskVolumesExplorer.Service\DiskVolumesExplorer.Service.csproj", "{8C57D058-BB07-4B2D-8A30-A721071AFE6B}"
EndProject
Project("{FAE04EC0-301F-11D3-BF4B-00C04F79EFBC}") = "DriveVolumesExplorer.Client.UnitTests", "DriveVolumesExplorer.Client.UnitTests\DriveVolumesExplorer.Client.UnitTests.csproj", "{5F6CC485-BB2C-454B-A185-8B97DF0F9D75}"
EndProject
Project("{8BC9CEB8-8B4A-11D0-8D11-00A0C91BC942}") = "DiskVolumesExplorer.Native", "DiskVolumesExplorer.Native\DiskVolumesExplorer.Native.vcxproj", "{E21FF9A7-1242-402C-89EA-049A66292F25}"
EndProject
Project("{8BC9CEB8-8B4A-11D0-8D11-00A0C91BC942}") = "DiskVolumesExplorer.Native.Tester", "DiskVolumesExplorer.Native.Tester\DiskVolumesExplorer.Native.Tester.vcxproj", "{1853F438-B5D2-4BBB-8F8E-A1B117FA7AFB}"
EndProject
Project("{8BC9CEB8-8B4A-11D0-8D11-00A0C91BC942}") = "DiskVolumesExplorer.Native.CLR", "DiskVolumesExplorer.Native.CLR\DiskVolumesExplorer.Native.CLR.vcxproj", "{F2479956-CA8B-40FE-8967-134EFFA4BF41}"
EndProject
Global
	GlobalSection(SolutionConfigurationPlatforms) = preSolution
		Debug|x64 = Debug|x64
		Debug|x86 = Debug|x86
		Release|x64 = Release|x64
		Release|x86 = Release|x86
	EndGlobalSection
	GlobalSection(ProjectConfigurationPlatforms) = postSolution
		{EF2DDFF8-7028-4861-B7AF-9F16D71927EA}.Debug|x64.ActiveCfg = Debug|x64
		{EF2DDFF8-7028-4861-B7AF-9F16D71927EA}.Debug|x64.Build.0 = Debug|x64
		{EF2DDFF8-7028-4861-B7AF-9F16D71927EA}.Debug|x86.ActiveCfg = Debug|x64
		{EF2DDFF8-7028-4861-B7AF-9F16D71927EA}.Release|x64.ActiveCfg = Release|x64
		{EF2DDFF8-7028-4861-B7AF-9F16D71927EA}.Release|x64.Build.0 = Release|x64
		{EF2DDFF8-7028-4861-B7AF-9F16D71927EA}.Release|x86.ActiveCfg = Release|x64
		{0518408F-C7AF-44E1-A5F7-737C9875B15B}.Debug|x64.ActiveCfg = Debug|x64
		{0518408F-C7AF-44E1-A5F7-737C9875B15B}.Debug|x64.Build.0 = Debug|x64
		{0518408F-C7AF-44E1-A5F7-737C9875B15B}.Debug|x86.ActiveCfg = Debug|x64
		{0518408F-C7AF-44E1-A5F7-737C9875B15B}.Release|x64.ActiveCfg = Release|x64
		{0518408F-C7AF-44E1-A5F7-737C9875B15B}.Release|x64.Build.0 = Release|x64
		{0518408F-C7AF-44E1-A5F7-737C9875B15B}.Release|x86.ActiveCfg = Release|x64
		{8F4BE51F-F107-4A60-80AC-5BB41CC21A47}.Debug|x64.ActiveCfg = Debug|x64
		{8F4BE51F-F107-4A60-80AC-5BB41CC21A47}.Debug|x64.Build.0 = Debug|x64
		{8F4BE51F-F107-4A60-80AC-5BB41CC21A47}.Debug|x86.ActiveCfg = Debug|x64
		{8F4BE51F-F107-4A60-80AC-5BB41CC21A47}.Release|x64.ActiveCfg = Release|x64
		{8F4BE51F-F107-4A60-80AC-5BB41CC21A47}.Release|x64.Build.0 = Release|x64
		{8F4BE51F-F107-4A60-80AC-5BB41CC21A47}.Release|x86.ActiveCfg = Release|x64
		{8C57D058-BB07-4B2D-8A30-A721071AFE6B}.Debug|x64.ActiveCfg = Debug|x64
		{8C57D058-BB07-4B2D-8A30-A721071AFE6B}.Debug|x64.Build.0 = Debug|x64
		{8C57D058-BB07-4B2D-8A30-A721071AFE6B}.Debug|x86.ActiveCfg = Debug|x64
		{8C57D058-BB07-4B2D-8A30-A721071AFE6B}.Release|x64.ActiveCfg = Release|x64
		{8C57D058-BB07-4B2D-8A30-A721071AFE6B}.Release|x64.Build.0 = Release|x64
		{8C57D058-BB07-4B2D-8A30-A721071AFE6B}.Release|x86.ActiveCfg = Release|x64
		{5F6CC485-BB2C-454B-A185-8B97DF0F9D75}.Debug|x64.ActiveCfg = Debug|x64
		{5F6CC485-BB2C-454B-A185-8B97DF0F9D75}.Debug|x64.Build.0 = Debug|x64
		{5F6CC485-BB2C-454B-A185-8B97DF0F9D75}.Debug|x86.ActiveCfg = Debug|x64
		{5F6CC485-BB2C-454B-A185-8B97DF0F9D75}.Release|x64.ActiveCfg = Release|x64
		{5F6CC485-BB2C-454B-A185-8B97DF0F9D75}.Release|x64.Build.0 = Release|x64
		{5F6CC485-BB2C-454B-A185-8B97DF0F9D75}.Release|x86.ActiveCfg = Release|x64
		{E21FF9A7-1242-402C-89EA-049A66292F25}.Debug|x64.ActiveCfg = Debug|x64
		{E21FF9A7-1242-402C-89EA-049A66292F25}.Debug|x64.Build.0 = Debug|x64
		{E21FF9A7-1242-402C-89EA-049A66292F25}.Debug|x86.ActiveCfg = Debug|Win32
		{E21FF9A7-1242-402C-89EA-049A66292F25}.Debug|x86.Build.0 = Debug|Win32
		{E21FF9A7-1242-402C-89EA-049A66292F25}.Release|x64.ActiveCfg = Release|x64
		{E21FF9A7-1242-402C-89EA-049A66292F25}.Release|x64.Build.0 = Release|x64
		{E21FF9A7-1242-402C-89EA-049A66292F25}.Release|x86.ActiveCfg = Release|Win32
		{E21FF9A7-1242-402C-89EA-049A66292F25}.Release|x86.Build.0 = Release|Win32
		{1853F438-B5D2-4BBB-8F8E-A1B117FA7AFB}.Debug|x64.ActiveCfg = Debug|x64
		{1853F438-B5D2-4BBB-8F8E-A1B117FA7AFB}.Debug|x64.Build.0 = Debug|x64
		{1853F438-B5D2-4BBB-8F8E-A1B117FA7AFB}.Debug|x86.ActiveCfg = Debug|Win32
		{1853F438-B5D2-4BBB-8F8E-A1B117FA7AFB}.Debug|x86.Build.0 = Debug|Win32
		{1853F438-B5D2-4BBB-8F8E-A1B117FA7AFB}.Release|x64.ActiveCfg = Release|x64
		{1853F438-B5D2-4BBB-8F8E-A1B117FA7AFB}.Release|x64.Build.0 = Release|x64
		{1853F438-B5D2-4BBB-8F8E-A1B117FA7AFB}.Release|x86.ActiveCfg = Release|Win32
		{1853F438-B5D2-4BBB-8F8E-A1B117FA7AFB}.Release|x86.Build.0 = Release|Win32
		{F2479956-CA8B-40FE-8967-134EFFA4BF41}.Debug|x64.ActiveCfg = Debug|x64
		{F2479956-CA8B-40FE-8967-134EFFA4BF41}.Debug|x64.Build.0 = Debug|x64
		{F2479956-CA8B-40FE-8967-134EFFA4BF41}.Debug|x86.ActiveCfg = Debug|Win32
		{F2479956-CA8B-40FE-8967-134EFFA4BF41}.Debug|x86.Build.0 = Debug|Win32
		{F2479956-CA8B-40FE-8967-134EFFA4BF41}.Release|x64.ActiveCfg = Release|x64
		{F2479956-CA8B-40FE-8967-134EFFA4BF41}.Release|x64.Build.0 = Release|x64
		{F2479956-CA8B-40FE-8967-134EFFA4BF41}.Release|x86.ActiveCfg = Release|Win32
		{F2479956-CA8B-40FE-8967-134EFFA4BF41}.Release|x86.Build.0 = Release|Win32
	EndGlobalSection
	GlobalSection(SolutionProperties) = preSolution
		HideSolutionNode = FALSE
	EndGlobalSection
EndGlobal
